<?xml version="1.0" encoding="utf-8"?>
<Project ToolsVersion="4.0" xmlns="http://schemas.microsoft.com/developer/msbuild/2003">
  <ItemGroup>
    <Filter Include="原始程式檔">
      <UniqueIdentifier>{4FC737F1-C7A5-4376-A066-2A32D752A2FF}</UniqueIdentifier>
      <Extensions>cpp;c;cc;cxx;def;odl;idl;hpj;bat;asm;asmx</Extensions>
    </Filter>
    <Filter Include="標頭檔">
      <UniqueIdentifier>{93995380-89BD-4b04-88EB-625FBE52EBFB}</UniqueIdentifier>
      <Extensions>h;hh;hpp;hxx;hm;inl;inc;xsd</Extensions>
    </Filter>
    <Filter Include="資源檔">
      <UniqueIdentifier>{67DA6AB6-F800-4c08-8B7A-83BB121AAD01}</UniqueIdentifier>
      <Extensions>rc;ico;cur;bmp;dlg;rc2;rct;bin;rgs;gif;jpg;jpeg;jpe;resx;tiff;tif;png;wav;mfcribbon-ms</Extensions>
    </Filter>
  </ItemGroup>
  <ItemGroup>
    <Text Include="ReadMe.txt" />
  </ItemGroup>
  <ItemGroup>
    <ClInclude Include="CommandTest.h">
      <Filter>標頭檔</Filter>
    </ClInclude>
    <ClInclude Include="CommandTestDlg.h">
      <Filter>標頭檔</Filter>
    </ClInclude>
    <ClInclude Include="stdafx.h">
      <Filter>標頭檔</Filter>
    </ClInclude>
    <ClInclude Include="targetver.h">
      <Filter>標頭檔</Filter>
    </ClInclude>
    <ClInclude Include="Resource.h">
      <Filter>標頭檔</Filter>
    </ClInclude>
    <ClInclude Include="Order.h">
      <Filter>標頭檔</Filter>
    </ClInclude>
    <ClInclude Include="Action.h">
      <Filter>標頭檔</Filter>
    </ClInclude>
    <ClInclude Include="Default.h">
      <Filter>標頭檔</Filter>
    </ClInclude>
    <ClInclude Include="Camera.h">
      <Filter>標頭檔</Filter>
    </ClInclude>
    <ClInclude Include="MoveButton.h">
      <Filter>標頭檔</Filter>
    </ClInclude>
    <ClInclude Include="Model.h">
      <Filter>標頭檔</Filter>
    </ClInclude>
    <ClInclude Include="Question.h">
      <Filter>標頭檔</Filter>
    </ClInclude>
    <ClInclude Include="Block.h">
      <Filter>標頭檔</Filter>
    </ClInclude>
    <ClInclude Include="LaserDlg.h">
      <Filter>標頭檔</Filter>
    </ClInclude>
    <ClInclude Include="PositionModify.h">
      <Filter>標頭檔</Filter>
    </ClInclude>
    <ClInclude Include="LaserAdjust.h">
      <Filter>標頭檔</Filter>
    </ClInclude>
    <ClInclude Include="LineContinuous.h">
      <Filter>標頭檔</Filter>
    </ClInclude>
    <ClInclude Include="ListToExcel.h">
      <Filter>標頭檔</Filter>
    </ClInclude>
    <ClInclude Include="ExcelToList.h">
      <Filter>標頭檔</Filter>
    </ClInclude>
  </ItemGroup>
  <ItemGroup>
    <ClCompile Include="CommandTest.cpp">
      <Filter>原始程式檔</Filter>
    </ClCompile>
    <ClCompile Include="CommandTestDlg.cpp">
      <Filter>原始程式檔</Filter>
    </ClCompile>
    <ClCompile Include="stdafx.cpp">
      <Filter>原始程式檔</Filter>
    </ClCompile>
    <ClCompile Include="Order.cpp">
      <Filter>原始程式檔</Filter>
    </ClCompile>
    <ClCompile Include="Action.cpp">
      <Filter>原始程式檔</Filter>
    </ClCompile>
    <ClCompile Include="Default.cpp">
      <Filter>原始程式檔</Filter>
    </ClCompile>
    <ClCompile Include="Camera.cpp">
      <Filter>原始程式檔</Filter>
    </ClCompile>
    <ClCompile Include="MoveButton.cpp">
      <Filter>原始程式檔</Filter>
    </ClCompile>
    <ClCompile Include="Model.cpp">
      <Filter>原始程式檔</Filter>
    </ClCompile>
    <ClCompile Include="Question.cpp">
      <Filter>原始程式檔</Filter>
    </ClCompile>
    <ClCompile Include="Block.cpp">
      <Filter>原始程式檔</Filter>
    </ClCompile>
    <ClCompile Include="LaserDlg.cpp">
      <Filter>原始程式檔</Filter>
    </ClCompile>
    <ClCompile Include="PositionModify.cpp">
      <Filter>原始程式檔</Filter>
    </ClCompile>
    <ClCompile Include="LaserAdjust.cpp">
      <Filter>原始程式檔</Filter>
    </ClCompile>
    <ClCompile Include="LineContinuous.cpp">
      <Filter>原始程式檔</Filter>
    </ClCompile>
    <ClCompile Include="ListToExcel.cpp">
      <Filter>原始程式檔</Filter>
    </ClCompile>
    <ClCompile Include="ExcelToList.cpp">
      <Filter>原始程式檔</Filter>
    </ClCompile>
  </ItemGroup>
  <ItemGroup>
    <ResourceCompile Include="CommandTest.rc">
      <Filter>資源檔</Filter>
    </ResourceCompile>
  </ItemGroup>
  <ItemGroup>
    <None Include="res\CommandTest.rc2">
      <Filter>資源檔</Filter>
    </None>
  </ItemGroup>
  <ItemGroup>
    <Image Include="res\CommandTest.ico">
      <Filter>資源檔</Filter>
    </Image>
  </ItemGroup>
</Project>